
Microsoft Visual Studio Solution File, Format Version 12.00
# Visual Studio Version 17
VisualStudioVersion = 17.13.35919.96 d17.13
MinimumVisualStudioVersion = 10.0.40219.1
Project("{FAE04EC0-301F-11D3-BF4B-00C04F79EFBC}") = "NumerosMeses", "NumerosMeses\NumerosMeses.csproj", "{BF435CD1-FDAF-451A-8EBC-B9E610928FE3}"
EndProject
Global
	GlobalSection(SolutionConfigurationPlatforms) = preSolution
		Debug|Any CPU = Debug|Any CPU
		Release|Any CPU = Release|Any CPU
	EndGlobalSection
	GlobalSection(ProjectConfigurationPlatforms) = postSolution
		{BF435CD1-FDAF-451A-8EBC-B9E610928FE3}.Debug|Any CPU.ActiveCfg = Debug|Any CPU
		{BF435CD1-FDAF-451A-8EBC-B9E610928FE3}.Debug|Any CPU.Build.0 = Debug|Any CPU
		{BF435CD1-FDAF-451A-8EBC-B9E610928FE3}.Release|Any CPU.ActiveCfg = Release|Any CPU
		{BF435CD1-FDAF-451A-8EBC-B9E610928FE3}.Release|Any CPU.Build.0 = Release|Any CPU
	EndGlobalSection
	GlobalSection(SolutionProperties) = preSolution
		HideSolutionNode = FALSE
	EndGlobalSection
	GlobalSection(ExtensibilityGlobals) = postSolution
		SolutionGuid = {FBE7741D-6870-428B-B52E-482936496E7D}
	EndGlobalSection
EndGlobal
