
Microsoft Visual Studio Solution File, Format Version 12.00
# Visual Studio Version 17
VisualStudioVersion = 17.13.35919.96 d17.13
MinimumVisualStudioVersion = 10.0.40219.1
Project("{FAE04EC0-301F-11D3-BF4B-00C04F79EFBC}") = "Dialog_pro", "Dialog_pro\Dialog_pro.csproj", "{0F5BCA8E-E871-4DB0-B415-3C0D259C88F5}"
EndProject
Global
	GlobalSection(SolutionConfigurationPlatforms) = preSolution
		Debug|Any CPU = Debug|Any CPU
		Release|Any CPU = Release|Any CPU
	EndGlobalSection
	GlobalSection(ProjectConfigurationPlatforms) = postSolution
		{0F5BCA8E-E871-4DB0-B415-3C0D259C88F5}.Debug|Any CPU.ActiveCfg = Debug|Any CPU
		{0F5BCA8E-E871-4DB0-B415-3C0D259C88F5}.Debug|Any CPU.Build.0 = Debug|Any CPU
		{0F5BCA8E-E871-4DB0-B415-3C0D259C88F5}.Release|Any CPU.ActiveCfg = Release|Any CPU
		{0F5BCA8E-E871-4DB0-B415-3C0D259C88F5}.Release|Any CPU.Build.0 = Release|Any CPU
	EndGlobalSection
	GlobalSection(SolutionProperties) = preSolution
		HideSolutionNode = FALSE
	EndGlobalSection
	GlobalSection(ExtensibilityGlobals) = postSolution
		SolutionGuid = {EBAF3AEC-A6FA-4367-920B-4140E1F17D42}
	EndGlobalSection
EndGlobal
