
Microsoft Visual Studio Solution File, Format Version 12.00
# Visual Studio Version 17
VisualStudioVersion = 17.13.35825.156 d17.13
MinimumVisualStudioVersion = 10.0.40219.1
Project("{FAE04EC0-301F-11D3-BF4B-00C04F79EFBC}") = "Biblioteca", "Biblioteca\Biblioteca.csproj", "{67D46AB6-85CB-41D1-94DB-85898B421047}"
EndProject
Global
	GlobalSection(SolutionConfigurationPlatforms) = preSolution
		Debug|Any CPU = Debug|Any CPU
		Release|Any CPU = Release|Any CPU
	EndGlobalSection
	GlobalSection(ProjectConfigurationPlatforms) = postSolution
		{67D46AB6-85CB-41D1-94DB-85898B421047}.Debug|Any CPU.ActiveCfg = Debug|Any CPU
		{67D46AB6-85CB-41D1-94DB-85898B421047}.Debug|Any CPU.Build.0 = Debug|Any CPU
		{67D46AB6-85CB-41D1-94DB-85898B421047}.Release|Any CPU.ActiveCfg = Release|Any CPU
		{67D46AB6-85CB-41D1-94DB-85898B421047}.Release|Any CPU.Build.0 = Release|Any CPU
	EndGlobalSection
	GlobalSection(SolutionProperties) = preSolution
		HideSolutionNode = FALSE
	EndGlobalSection
	GlobalSection(ExtensibilityGlobals) = postSolution
		SolutionGuid = {753CFC17-B7F3-4264-8D1F-92A9D44D7857}
	EndGlobalSection
EndGlobal
