
Microsoft Visual Studio Solution File, Format Version 12.00
# Visual Studio Version 17
VisualStudioVersion = 17.13.35919.96 d17.13
MinimumVisualStudioVersion = 10.0.40219.1
Project("{FAE04EC0-301F-11D3-BF4B-00C04F79EFBC}") = "MostrarMensajesVariasVeces", "MostrarMensajesVariasVeces\MostrarMensajesVariasVeces.csproj", "{C39788A3-EA9C-49E3-BDC1-FA7647DABABF}"
EndProject
Global
	GlobalSection(SolutionConfigurationPlatforms) = preSolution
		Debug|Any CPU = Debug|Any CPU
		Release|Any CPU = Release|Any CPU
	EndGlobalSection
	GlobalSection(ProjectConfigurationPlatforms) = postSolution
		{C39788A3-EA9C-49E3-BDC1-FA7647DABABF}.Debug|Any CPU.ActiveCfg = Debug|Any CPU
		{C39788A3-EA9C-49E3-BDC1-FA7647DABABF}.Debug|Any CPU.Build.0 = Debug|Any CPU
		{C39788A3-EA9C-49E3-BDC1-FA7647DABABF}.Release|Any CPU.ActiveCfg = Release|Any CPU
		{C39788A3-EA9C-49E3-BDC1-FA7647DABABF}.Release|Any CPU.Build.0 = Release|Any CPU
	EndGlobalSection
	GlobalSection(SolutionProperties) = preSolution
		HideSolutionNode = FALSE
	EndGlobalSection
	GlobalSection(ExtensibilityGlobals) = postSolution
		SolutionGuid = {8665F5BB-A48A-4535-82D9-331CC102241B}
	EndGlobalSection
EndGlobal
