
Microsoft Visual Studio Solution File, Format Version 12.00
# Visual Studio Version 17
VisualStudioVersion = 17.13.35931.197 d17.13
MinimumVisualStudioVersion = 10.0.40219.1
Project("{FAE04EC0-301F-11D3-BF4B-00C04F79EFBC}") = "ArchivosDeTextosIO", "ArchivosDeTextosIO\ArchivosDeTextosIO.csproj", "{749CF4A8-8A5E-4AB5-9EE6-DF50A27679AA}"
EndProject
Global
	GlobalSection(SolutionConfigurationPlatforms) = preSolution
		Debug|Any CPU = Debug|Any CPU
		Release|Any CPU = Release|Any CPU
	EndGlobalSection
	GlobalSection(ProjectConfigurationPlatforms) = postSolution
		{749CF4A8-8A5E-4AB5-9EE6-DF50A27679AA}.Debug|Any CPU.ActiveCfg = Debug|Any CPU
		{749CF4A8-8A5E-4AB5-9EE6-DF50A27679AA}.Debug|Any CPU.Build.0 = Debug|Any CPU
		{749CF4A8-8A5E-4AB5-9EE6-DF50A27679AA}.Release|Any CPU.ActiveCfg = Release|Any CPU
		{749CF4A8-8A5E-4AB5-9EE6-DF50A27679AA}.Release|Any CPU.Build.0 = Release|Any CPU
	EndGlobalSection
	GlobalSection(SolutionProperties) = preSolution
		HideSolutionNode = FALSE
	EndGlobalSection
	GlobalSection(ExtensibilityGlobals) = postSolution
		SolutionGuid = {81E4BAEE-830B-4917-9A3F-D82AD3394227}
	EndGlobalSection
EndGlobal
