
Microsoft Visual Studio Solution File, Format Version 12.00
# Visual Studio Version 17
VisualStudioVersion = 17.13.35931.197 d17.13
MinimumVisualStudioVersion = 10.0.40219.1
Project("{FAE04EC0-301F-11D3-BF4B-00C04F79EFBC}") = "Skin_pro", "Skin_pro\Skin_pro.csproj", "{B53EDCF7-D3AA-4740-8CEA-147BBF190682}"
EndProject
Global
	GlobalSection(SolutionConfigurationPlatforms) = preSolution
		Debug|Any CPU = Debug|Any CPU
		Release|Any CPU = Release|Any CPU
	EndGlobalSection
	GlobalSection(ProjectConfigurationPlatforms) = postSolution
		{B53EDCF7-D3AA-4740-8CEA-147BBF190682}.Debug|Any CPU.ActiveCfg = Debug|Any CPU
		{B53EDCF7-D3AA-4740-8CEA-147BBF190682}.Debug|Any CPU.Build.0 = Debug|Any CPU
		{B53EDCF7-D3AA-4740-8CEA-147BBF190682}.Release|Any CPU.ActiveCfg = Release|Any CPU
		{B53EDCF7-D3AA-4740-8CEA-147BBF190682}.Release|Any CPU.Build.0 = Release|Any CPU
	EndGlobalSection
	GlobalSection(SolutionProperties) = preSolution
		HideSolutionNode = FALSE
	EndGlobalSection
	GlobalSection(ExtensibilityGlobals) = postSolution
		SolutionGuid = {33548E4F-3D2B-46DD-A777-6190BA25F432}
	EndGlobalSection
EndGlobal
